// !$*UTF8*$!
{
	archiveVersion = 1;
	classes = {
	};
	objectVersion = 48;
	objects = {

/* Begin PBXBuildFile section */
		EB39A98E1F5C786400247D85 /* PopoverBackgroundView.swift in Sources */ = {isa = PBXBuildFile; fileRef = EB39A98D1F5C786400247D85 /* PopoverBackgroundView.swift */; };
		EB67C6191F5C33C800EBA98B /* AppDelegate.swift in Sources */ = {isa = PBXBuildFile; fileRef = EB67C6181F5C33C800EBA98B /* AppDelegate.swift */; };
		EB67C61B1F5C33C800EBA98B /* ViewController.swift in Sources */ = {isa = PBXBuildFile; fileRef = EB67C61A1F5C33C800EBA98B /* ViewController.swift */; };
		EB67C61E1F5C33C800EBA98B /* Main.storyboard in Resources */ = {isa = PBXBuildFile; fileRef = EB67C61C1F5C33C800EBA98B /* Main.storyboard */; };
		EB67C6201F5C33C800EBA98B /* Assets.xcassets in Resources */ = {isa = PBXBuildFile; fileRef = EB67C61F1F5C33C800EBA98B /* Assets.xcassets */; };
		EB67C6231F5C33C800EBA98B /* LaunchScreen.storyboard in Resources */ = {isa = PBXBuildFile; fileRef = EB67C6211F5C33C800EBA98B /* LaunchScreen.storyboard */; };
/* End PBXBuildFile section */

/* Begin PBXFileReference section */
		EB39A98D1F5C786400247D85 /* PopoverBackgroundView.swift */ = {isa = PBXFileReference; lastKnownFileType = sourcecode.swift; path = PopoverBackgroundView.swift; sourceTree = "<group>"; };
		EB67C6151F5C33C800EBA98B /* Custom Popover.app */ = {isa = PBXFileReference; explicitFileType = wrapper.application; includeInIndex = 0; path = "Custom Popover.app"; sourceTree = BUILT_PRODUCTS_DIR; };
		EB67C6181F5C33C800EBA98B /* AppDelegate.swift */ = {isa = PBXFileReference; lastKnownFileType = sourcecode.swift; path = AppDelegate.swift; sourceTree = "<group>"; };
		EB67C61A1F5C33C800EBA98B /* ViewController.swift */ = {isa = PBXFileReference; lastKnownFileType = sourcecode.swift; path = ViewController.swift; sourceTree = "<group>"; };
		EB67C61D1F5C33C800EBA98B /* Base */ = {isa = PBXFileReference; lastKnownFileType = file.storyboard; name = Base; path = Base.lproj/Main.storyboard; sourceTree = "<group>"; };
		EB67C61F1F5C33C800EBA98B /* Assets.xcassets */ = {isa = PBXFileReference; lastKnownFileType = folder.assetcatalog; path = Assets.xcassets; sourceTree = "<group>"; };
		EB67C6221F5C33C800EBA98B /* Base */ = {isa = PBXFileReference; lastKnownFileType = file.storyboard; name = Base; path = Base.lproj/LaunchScreen.storyboard; sourceTree = "<group>"; };
		EB67C6241F5C33C800EBA98B /* Info.plist */ = {isa = PBXFileReference; lastKnownFileType = text.plist.xml; path = Info.plist; sourceTree = "<group>"; };
/* End PBXFileReference section */

/* Begin PBXFrameworksBuildPhase section */
		EB67C6121F5C33C800EBA98B /* Frameworks */ = {
			isa = PBXFrameworksBuildPhase;
			buildActionMask = 2147483647;
			files = (
			);
			runOnlyForDeploymentPostprocessing = 0;
		};
/* End PBXFrameworksBuildPhase section */

/* Begin PBXGroup section */
		EB67C60C1F5C33C800EBA98B = {
			isa = PBXGroup;
			children = (
				EB67C6171F5C33C800EBA98B /* Custom Popover */,
				EB67C6161F5C33C800EBA98B /* Products */,
			);
			sourceTree = "<group>";
		};
		EB67C6161F5C33C800EBA98B /* Products */ = {
			isa = PBXGroup;
			children = (
				EB67C6151F5C33C800EBA98B /* Custom Popover.app */,
			);
			name = Products;
			sourceTree = "<group>";
		};
		EB67C6171F5C33C800EBA98B /* Custom Popover */ = {
			isa = PBXGroup;
			children = (
				EB67C6181F5C33C800EBA98B /* AppDelegate.swift */,
				EB67C61A1F5C33C800EBA98B /* ViewController.swift */,
				EB39A98D1F5C786400247D85 /* PopoverBackgroundView.swift */,
				EB67C61C1F5C33C800EBA98B /* Main.storyboard */,
				EB67C61F1F5C33C800EBA98B /* Assets.xcassets */,
				EB67C6211F5C33C800EBA98B /* LaunchScreen.storyboard */,
				EB67C6241F5C33C800EBA98B /* Info.plist */,
			);
			path = "Custom Popover";
			sourceTree = "<group>";
		};
/* End PBXGroup section */

/* Begin PBXNativeTarget section */
		EB67C6141F5C33C800EBA98B /* Custom Popover */ = {
			isa = PBXNativeTarget;
			buildConfigurationList = EB67C6271F5C33C800EBA98B /* Build configuration list for PBXNativeTarget "Custom Popover" */;
			buildPhases = (
				EB67C6111F5C33C800EBA98B /* Sources */,
				EB67C6121F5C33C800EBA98B /* Frameworks */,
				EB67C6131F5C33C800EBA98B /* Resources */,
			);
			buildRules = (
			);
			dependencies = (
			);
			name = "Custom Popover";
			productName = "Custom Popover";
			productReference = EB67C6151F5C33C800EBA98B /* Custom Popover.app */;
			productType = "com.apple.product-type.application";
		};
/* End PBXNativeTarget section */

/* Begin PBXProject section */
		EB67C60D1F5C33C800EBA98B /* Project object */ = {
			isa = PBXProject;
			attributes = {
				LastSwiftUpdateCheck = 0900;
				LastUpgradeCheck = 0900;
				ORGANIZATIONNAME = "Christopher Goldsby";
				TargetAttributes = {
					EB67C6141F5C33C800EBA98B = {
						CreatedOnToolsVersion = 9.0;
						ProvisioningStyle = Automatic;
					};
				};
			};
			buildConfigurationList = EB67C6101F5C33C800EBA98B /* Build configuration list for PBXProject "Custom Popover" */;
			compatibilityVersion = "Xcode 8.0";
			developmentRegion = en;
			hasScannedForEncodings = 0;
			knownRegions = (
				en,
				Base,
			);
			mainGroup = EB67C60C1F5C33C800EBA98B;
			productRefGroup = EB67C6161F5C33C800EBA98B /* Products */;
			projectDirPath = "";
			projectRoot = "";
			targets = (
				EB67C6141F5C33C800EBA98B /* Custom Popover */,
			);
		};
/* End PBXProject section */

/* Begin PBXResourcesBuildPhase section */
		EB67C6131F5C33C800EBA98B /* Resources */ = {
			isa = PBXResourcesBuildPhase;
			buildActionMask = 2147483647;
			files = (
				EB67C6231F5C33C800EBA98B /* LaunchScreen.storyboard in Resources */,
				EB67C6201F5C33C800EBA98B /* Assets.xcassets in Resources */,
				EB67C61E1F5C33C800EBA98B /* Main.storyboard in Resources */,
			);
			runOnlyForDeploymentPostprocessing = 0;
		};
/* End PBXResourcesBuildPhase section */

/* Begin PBXSourcesBuildPhase section */
		EB67C6111F5C33C800EBA98B /* Sources */ = {
			isa = PBXSourcesBuildPhase;
			buildActionMask = 2147483647;
			files = (
				EB39A98E1F5C786400247D85 /* PopoverBackgroundView.swift in Sources */,
				EB67C61B1F5C33C800EBA98B /* ViewController.swift in Sources */,
				EB67C6191F5C33C800EBA98B /* AppDelegate.swift in Sources */,
			);
			runOnlyForDeploymentPostprocessing = 0;
		};
/* End PBXSourcesBuildPhase section */

/* Begin PBXVariantGroup section */
		EB67C61C1F5C33C800EBA98B /* Main.storyboard */ = {
			isa = PBXVariantGroup;
			children = (
				EB67C61D1F5C33C800EBA98B /* Base */,
			);
			name = Main.storyboard;
			sourceTree = "<group>";
		};
		EB67C6211F5C33C800EBA98B /* LaunchScreen.storyboard */ = {
			isa = PBXVariantGroup;
			children = (
				EB67C6221F5C33C800EBA98B /* Base */,
			);
			name = LaunchScreen.storyboard;
			sourceTree = "<group>";
		};
/* End PBXVariantGroup section */

/* Begin XCBuildConfiguration section */
		EB67C6251F5C33C800EBA98B /* Debug */ = {
			isa = XCBuildConfiguration;
			buildSettings = {
				ALWAYS_SEARCH_USER_PATHS = NO;
				CLANG_ANALYZER_NONNULL = YES;
				CLANG_ANALYZER_NUMBER_OBJECT_CONVERSION = YES_AGGRESSIVE;
				CLANG_CXX_LANGUAGE_STANDARD = "gnu++14";
				CLANG_CXX_LIBRARY = "libc++";
				CLANG_ENABLE_MODULES = YES;
				CLANG_ENABLE_OBJC_ARC = YES;
				CLANG_WARN_BLOCK_CAPTURE_AUTORELEASING = YES;
				CLANG_WARN_BOOL_CONVERSION = YES;
				CLANG_WARN_COMMA = YES;
				CLANG_WARN_CONSTANT_CONVERSION = YES;
				CLANG_WARN_DIRECT_OBJC_ISA_USAGE = YES_ERROR;
				CLANG_WARN_DOCUMENTATION_COMMENTS = YES;
				CLANG_WARN_EMPTY_BODY = YES;
				CLANG_WARN_ENUM_CONVERSION = YES;
				CLANG_WARN_INFINITE_RECURSION = YES;
				CLANG_WARN_INT_CONVERSION = YES;
				CLANG_WARN_NON_LITERAL_NULL_CONVERSION = YES;
				CLANG_WARN_OBJC_LITERAL_CONVERSION = YES;
				CLANG_WARN_OBJC_ROOT_CLASS = YES_ERROR;
				CLANG_WARN_RANGE_LOOP_ANALYSIS = YES;
				CLANG_WARN_STRICT_PROTOTYPES = YES;
				CLANG_WARN_SUSPICIOUS_MOVE = YES;
				CLANG_WARN_UNGUARDED_AVAILABILITY = YES_AGGRESSIVE;
				CLANG_WARN_UNREACHABLE_CODE = YES;
				CLANG_WARN__DUPLICATE_METHOD_MATCH = YES;
				CODE_SIGN_IDENTITY = "iPhone Developer";
				COPY_PHASE_STRIP = NO;
				DEBUG_INFORMATION_FORMAT = dwarf;
				ENABLE_STRICT_OBJC_MSGSEND = YES;
				ENABLE_TESTABILITY = YES;
				GCC_C_LANGUAGE_STANDARD = gnu11;
				GCC_DYNAMIC_NO_PIC = NO;
				GCC_NO_COMMON_BLOCKS = YES;
				GCC_OPTIMIZATION_LEVEL = 0;
				GCC_PREPROCESSOR_DEFINITIONS = (
					"DEBUG=1",
					"$(inherited)",
				);
				GCC_WARN_64_TO_32_BIT_CONVERSION = YES;
				GCC_WARN_ABOUT_RETURN_TYPE = YES_ERROR;
				GCC_WARN_UNDECLARED_SELECTOR = YES;
				GCC_WARN_UNINITIALIZED_AUTOS = YES_AGGRESSIVE;
				GCC_WARN_UNUSED_FUNCTION = YES;
				GCC_WARN_UNUSED_VARIABLE = YES;
				IPHONEOS_DEPLOYMENT_TARGET = 11.0;
				MTL_ENABLE_DEBUG_INFO = YES;
				ONLY_ACTIVE_ARCH = YES;
				SDKROOT = iphoneos;
				SWIFT_ACTIVE_COMPILATION_CONDITIONS = DEBUG;
				SWIFT_OPTIMIZATION_LEVEL = "-Onone";
			};
			name = Debug;
		};
		EB67C6261F5C33C800EBA98B /* Release */ = {
			isa = XCBuildConfiguration;
			buildSettings = {
				ALWAYS_SEARCH_USER_PATHS = NO;
				CLANG_ANALYZER_NONNULL = YES;
				CLANG_ANALYZER_NUMBER_OBJECT_CONVERSION = YES_AGGRESSIVE;
				CLANG_CXX_LANGUAGE_STANDARD = "gnu++14";
				CLANG_CXX_LIBRARY = "libc++";
				CLANG_ENABLE_MODULES = YES;
				CLANG_ENABLE_OBJC_ARC = YES;
				CLANG_WARN_BLOCK_CAPTURE_AUTORELEASING = YES;
				CLANG_WARN_BOOL_CONVERSION = YES;
				CLANG_WARN_COMMA = YES;
				CLANG_WARN_CONSTANT_CONVERSION = YES;
				CLANG_WARN_DIRECT_OBJC_ISA_USAGE = YES_ERROR;
				CLANG_WARN_DOCUMENTATION_COMMENTS = YES;
				CLANG_WARN_EMPTY_BODY = YES;
				CLANG_WARN_ENUM_CONVERSION = YES;
				CLANG_WARN_INFINITE_RECURSION = YES;
				CLANG_WARN_INT_CONVERSION = YES;
				CLANG_WARN_NON_LITERAL_NULL_CONVERSION = YES;
				CLANG_WARN_OBJC_LITERAL_CONVERSION = YES;
				CLANG_WARN_OBJC_ROOT_CLASS = YES_ERROR;
				CLANG_WARN_RANGE_LOOP_ANALYSIS = YES;
				CLANG_WARN_STRICT_PROTOTYPES = YES;
				CLANG_WARN_SUSPICIOUS_MOVE = YES;
				CLANG_WARN_UNGUARDED_AVAILABILITY = YES_AGGRESSIVE;
				CLANG_WARN_UNREACHABLE_CODE = YES;
				CLANG_WARN__DUPLICATE_METHOD_MATCH = YES;
				CODE_SIGN_IDENTITY = "iPhone Developer";
				COPY_PHASE_STRIP = NO;
				DEBUG_INFORMATION_FORMAT = "dwarf-with-dsym";
				ENABLE_NS_ASSERTIONS = NO;
				ENABLE_STRICT_OBJC_MSGSEND = YES;
				GCC_C_LANGUAGE_STANDARD = gnu11;
				GCC_NO_COMMON_BLOCKS = YES;
				GCC_WARN_64_TO_32_BIT_CONVERSION = YES;
				GCC_WARN_ABOUT_RETURN_TYPE = YES_ERROR;
				GCC_WARN_UNDECLARED_SELECTOR = YES;
				GCC_WARN_UNINITIALIZED_AUTOS = YES_AGGRESSIVE;
				GCC_WARN_UNUSED_FUNCTION = YES;
				GCC_WARN_UNUSED_VARIABLE = YES;
				IPHONEOS_DEPLOYMENT_TARGET = 11.0;
				MTL_ENABLE_DEBUG_INFO = NO;
				SDKROOT = iphoneos;
				SWIFT_OPTIMIZATION_LEVEL = "-Owholemodule";
				VALIDATE_PRODUCT = YES;
			};
			name = Release;
		};
		EB67C6281F5C33C800EBA98B /* Debug */ = {
			isa = XCBuildConfiguration;
			buildSettings = {
				ASSETCATALOG_COMPILER_APPICON_NAME = AppIcon;
				CODE_SIGN_STYLE = Automatic;
				DEVELOPMENT_TEAM = AKFY9VS7WN;
				INFOPLIST_FILE = "Custom Popover/Info.plist";
				LD_RUNPATH_SEARCH_PATHS = "$(inherited) @executable_path/Frameworks";
				PRODUCT_BUNDLE_IDENTIFIER = "com.cgoldsby.Custom-Popover";
				PRODUCT_NAME = "$(TARGET_NAME)";
				SWIFT_VERSION = 4.0;
				TARGETED_DEVICE_FAMILY = "1,2";
			};
			name = Debug;
		};
		EB67C6291F5C33C800EBA98B /* Release */ = {
			isa = XCBuildConfiguration;
			buildSettings = {
				ASSETCATALOG_COMPILER_APPICON_NAME = AppIcon;
				CODE_SIGN_STYLE = Automatic;
				DEVELOPMENT_TEAM = AKFY9VS7WN;
				INFOPLIST_FILE = "Custom Popover/Info.plist";
				LD_RUNPATH_SEARCH_PATHS = "$(inherited) @executable_path/Frameworks";
				PRODUCT_BUNDLE_IDENTIFIER = "com.cgoldsby.Custom-Popover";
				PRODUCT_NAME = "$(TARGET_NAME)";
				SWIFT_VERSION = 4.0;
				TARGETED_DEVICE_FAMILY = "1,2";
			};
			name = Release;
		};
/* End XCBuildConfiguration section */

/* Begin XCConfigurationList section */
		EB67C6101F5C33C800EBA98B /* Build configuration list for PBXProject "Custom Popover" */ = {
			isa = XCConfigurationList;
			buildConfigurations = (
				EB67C6251F5C33C800EBA98B /* Debug */,
				EB67C6261F5C33C800EBA98B /* Release */,
			);
			defaultConfigurationIsVisible = 0;
			defaultConfigurationName = Release;
		};
		EB67C6271F5C33C800EBA98B /* Build configuration list for PBXNativeTarget "Custom Popover" */ = {
			isa = XCConfigurationList;
			buildConfigurations = (
				EB67C6281F5C33C800EBA98B /* Debug */,
				EB67C6291F5C33C800EBA98B /* Release */,
			);
			defaultConfigurationIsVisible = 0;
			defaultConfigurationName = Release;
		};
/* End XCConfigurationList section */
	};
	rootObject = EB67C60D1F5C33C800EBA98B /* Project object */;
}
